
Microsoft Visual Studio Solution File, Format Version 12.00
# Visual Studio Version 17
VisualStudioVersion = 17.7.34302.85
MinimumVisualStudioVersion = 10.0.40219.1
Project("{9A19103F-16F7-4668-BE54-9A1E7A4F7556}") = "NexGen.CRM", "NexGen.CRM\NexGen.CRM.csproj", "{15577567-C050-4114-92DD-CB1052CC4B77}"
EndProject
Project("{9A19103F-16F7-4668-BE54-9A1E7A4F7556}") = "NexGen.Repository", "NexGen.Repository\NexGen.Repository.csproj", "{FF50E48B-B9C5-4D75-A010-0507C2890073}"
EndProject
Project("{9A19103F-16F7-4668-BE54-9A1E7A4F7556}") = "NexGen.BL", "NexGen.BL\NexGen.BL.csproj", "{6156730E-4681-4EFD-B725-16AD869ED051}"
EndProject
Project("{9A19103F-16F7-4668-BE54-9A1E7A4F7556}") = "NexGen.DAL", "NexGen.DAL\NexGen.DAL.csproj", "{CE1089AF-A766-4F7E-BE9D-08A315E659AD}"
EndProject
Project("{9A19103F-16F7-4668-BE54-9A1E7A4F7556}") = "NexGen.Logging", "NexGen.Logging\NexGen.Logging.csproj", "{7D45EE8B-DB47-4CE9-B00E-E610D975E138}"
EndProject
Global
	GlobalSection(SolutionConfigurationPlatforms) = preSolution
		Debug|Any CPU = Debug|Any CPU
		Release|Any CPU = Release|Any CPU
	EndGlobalSection
	GlobalSection(ProjectConfigurationPlatforms) = postSolution
		{15577567-C050-4114-92DD-CB1052CC4B77}.Debug|Any CPU.ActiveCfg = Debug|Any CPU
		{15577567-C050-4114-92DD-CB1052CC4B77}.Debug|Any CPU.Build.0 = Debug|Any CPU
		{15577567-C050-4114-92DD-CB1052CC4B77}.Release|Any CPU.ActiveCfg = Release|Any CPU
		{15577567-C050-4114-92DD-CB1052CC4B77}.Release|Any CPU.Build.0 = Release|Any CPU
		{FF50E48B-B9C5-4D75-A010-0507C2890073}.Debug|Any CPU.ActiveCfg = Debug|Any CPU
		{FF50E48B-B9C5-4D75-A010-0507C2890073}.Debug|Any CPU.Build.0 = Debug|Any CPU
		{FF50E48B-B9C5-4D75-A010-0507C2890073}.Release|Any CPU.ActiveCfg = Release|Any CPU
		{FF50E48B-B9C5-4D75-A010-0507C2890073}.Release|Any CPU.Build.0 = Release|Any CPU
		{6156730E-4681-4EFD-B725-16AD869ED051}.Debug|Any CPU.ActiveCfg = Debug|Any CPU
		{6156730E-4681-4EFD-B725-16AD869ED051}.Debug|Any CPU.Build.0 = Debug|Any CPU
		{6156730E-4681-4EFD-B725-16AD869ED051}.Release|Any CPU.ActiveCfg = Release|Any CPU
		{6156730E-4681-4EFD-B725-16AD869ED051}.Release|Any CPU.Build.0 = Release|Any CPU
		{CE1089AF-A766-4F7E-BE9D-08A315E659AD}.Debug|Any CPU.ActiveCfg = Debug|Any CPU
		{CE1089AF-A766-4F7E-BE9D-08A315E659AD}.Debug|Any CPU.Build.0 = Debug|Any CPU
		{CE1089AF-A766-4F7E-BE9D-08A315E659AD}.Release|Any CPU.ActiveCfg = Release|Any CPU
		{CE1089AF-A766-4F7E-BE9D-08A315E659AD}.Release|Any CPU.Build.0 = Release|Any CPU
		{7D45EE8B-DB47-4CE9-B00E-E610D975E138}.Debug|Any CPU.ActiveCfg = Debug|Any CPU
		{7D45EE8B-DB47-4CE9-B00E-E610D975E138}.Debug|Any CPU.Build.0 = Debug|Any CPU
		{7D45EE8B-DB47-4CE9-B00E-E610D975E138}.Release|Any CPU.ActiveCfg = Release|Any CPU
		{7D45EE8B-DB47-4CE9-B00E-E610D975E138}.Release|Any CPU.Build.0 = Release|Any CPU
	EndGlobalSection
	GlobalSection(SolutionProperties) = preSolution
		HideSolutionNode = FALSE
	EndGlobalSection
	GlobalSection(ExtensibilityGlobals) = postSolution
		SolutionGuid = {CE48762E-6DC8-4906-9600-F829634658A1}
	EndGlobalSection
EndGlobal
